// !$*UTF8*$!
{
	archiveVersion = 1;
	classes = {
	};
	objectVersion = 55;
	objects = {

/* Begin PBXBuildFile section */
		A18D7B40E43ABFB7C8494DBF /* Pods_SCInstagram.framework in Frameworks */ = {isa = PBXBuildFile; fileRef = C6C24EB0F618F2A7BE578E33 /* Pods_SCInstagram.framework */; };
		CE90C24827524B6F006AE809 /* AppDelegate.swift in Sources */ = {isa = PBXBuildFile; fileRef = CE90C24727524B6F006AE809 /* AppDelegate.swift */; };
		CE90C24A27524B6F006AE809 /* SceneDelegate.swift in Sources */ = {isa = PBXBuildFile; fileRef = CE90C24927524B6F006AE809 /* SceneDelegate.swift */; };
		CE90C24C27524B6F006AE809 /* InitialViewController.swift in Sources */ = {isa = PBXBuildFile; fileRef = CE90C24B27524B6F006AE809 /* InitialViewController.swift */; };
		CE90C25127524B71006AE809 /* Assets.xcassets in Resources */ = {isa = PBXBuildFile; fileRef = CE90C25027524B71006AE809 /* Assets.xcassets */; };
		CE90C25427524B71006AE809 /* LaunchScreen.storyboard in Resources */ = {isa = PBXBuildFile; fileRef = CE90C25227524B71006AE809 /* LaunchScreen.storyboard */; };
		CED0C4202753C68B0064F5B6 /* User.swift in Sources */ = {isa = PBXBuildFile; fileRef = CED0C41F2753C68B0064F5B6 /* User.swift */; };
		CED0C4232753CD970064F5B6 /* UIViewControllerExtension.swift in Sources */ = {isa = PBXBuildFile; fileRef = CED0C4222753CD970064F5B6 /* UIViewControllerExtension.swift */; };
		CED369842753A02200A7F278 /* GoogleService-Info.plist in Resources */ = {isa = PBXBuildFile; fileRef = CED369832753A02200A7F278 /* GoogleService-Info.plist */; };
		CEF1DE7927536A6100212154 /* SignInViewController.swift in Sources */ = {isa = PBXBuildFile; fileRef = CEF1DE7727536A6100212154 /* SignInViewController.swift */; };
		CEF1DE7A27536A6100212154 /* SignInViewController.xib in Resources */ = {isa = PBXBuildFile; fileRef = CEF1DE7827536A6100212154 /* SignInViewController.xib */; };
		CEF1DE7D275370DC00212154 /* SignUpViewController.swift in Sources */ = {isa = PBXBuildFile; fileRef = CEF1DE7B275370DB00212154 /* SignUpViewController.swift */; };
		CEF1DE7E275370DC00212154 /* SignUpViewController.xib in Resources */ = {isa = PBXBuildFile; fileRef = CEF1DE7C275370DC00212154 /* SignUpViewController.xib */; };
		CEF1DE812753772400212154 /* ForgotPasswordViewController.swift in Sources */ = {isa = PBXBuildFile; fileRef = CEF1DE7F2753772400212154 /* ForgotPasswordViewController.swift */; };
		CEF1DE822753772400212154 /* ForgotPasswordViewController.xib in Resources */ = {isa = PBXBuildFile; fileRef = CEF1DE802753772400212154 /* ForgotPasswordViewController.xib */; };
		CEF1DE8727537BC500212154 /* TabbarController.swift in Sources */ = {isa = PBXBuildFile; fileRef = CEF1DE8627537BC500212154 /* TabbarController.swift */; };
		CEF1DE8A27537BF800212154 /* FeedViewController.swift in Sources */ = {isa = PBXBuildFile; fileRef = CEF1DE8827537BF800212154 /* FeedViewController.swift */; };
		CEF1DE8B27537BF800212154 /* FeedViewController.xib in Resources */ = {isa = PBXBuildFile; fileRef = CEF1DE8927537BF800212154 /* FeedViewController.xib */; };
		CEF1DE8E27537C0900212154 /* InterestingViewController.swift in Sources */ = {isa = PBXBuildFile; fileRef = CEF1DE8C27537C0900212154 /* InterestingViewController.swift */; };
		CEF1DE8F27537C0900212154 /* InterestingViewController.xib in Resources */ = {isa = PBXBuildFile; fileRef = CEF1DE8D27537C0900212154 /* InterestingViewController.xib */; };
		CEF1DE9227537C1300212154 /* AddViewController.swift in Sources */ = {isa = PBXBuildFile; fileRef = CEF1DE9027537C1300212154 /* AddViewController.swift */; };
		CEF1DE9327537C1300212154 /* AddViewController.xib in Resources */ = {isa = PBXBuildFile; fileRef = CEF1DE9127537C1300212154 /* AddViewController.xib */; };
		CEF1DE9627537C2100212154 /* ActivitiesViewController.swift in Sources */ = {isa = PBXBuildFile; fileRef = CEF1DE9427537C2100212154 /* ActivitiesViewController.swift */; };
		CEF1DE9727537C2100212154 /* ActivitiesViewController.xib in Resources */ = {isa = PBXBuildFile; fileRef = CEF1DE9527537C2100212154 /* ActivitiesViewController.xib */; };
		CEF1DE9A27537C2B00212154 /* ProfileViewController.swift in Sources */ = {isa = PBXBuildFile; fileRef = CEF1DE9827537C2B00212154 /* ProfileViewController.swift */; };
		CEF1DE9B27537C2B00212154 /* ProfileViewController.xib in Resources */ = {isa = PBXBuildFile; fileRef = CEF1DE9927537C2B00212154 /* ProfileViewController.xib */; };
		CEF1DEA02753809E00212154 /* ProfileHeaderCollectionReusableView.swift in Sources */ = {isa = PBXBuildFile; fileRef = CEF1DE9E2753809E00212154 /* ProfileHeaderCollectionReusableView.swift */; };
		CEF1DEA12753809E00212154 /* ProfileHeaderCollectionReusableView.xib in Resources */ = {isa = PBXBuildFile; fileRef = CEF1DE9F2753809E00212154 /* ProfileHeaderCollectionReusableView.xib */; };
/* End PBXBuildFile section */

/* Begin PBXFileReference section */
		1E701190FF52D647050B0C17 /* Pods-SCInstagram.release.xcconfig */ = {isa = PBXFileReference; includeInIndex = 1; lastKnownFileType = text.xcconfig; name = "Pods-SCInstagram.release.xcconfig"; path = "Target Support Files/Pods-SCInstagram/Pods-SCInstagram.release.xcconfig"; sourceTree = "<group>"; };
		B9793742DD5905DCBE0DF4BE /* Pods-SCInstagram.debug.xcconfig */ = {isa = PBXFileReference; includeInIndex = 1; lastKnownFileType = text.xcconfig; name = "Pods-SCInstagram.debug.xcconfig"; path = "Target Support Files/Pods-SCInstagram/Pods-SCInstagram.debug.xcconfig"; sourceTree = "<group>"; };
		C6C24EB0F618F2A7BE578E33 /* Pods_SCInstagram.framework */ = {isa = PBXFileReference; explicitFileType = wrapper.framework; includeInIndex = 0; path = Pods_SCInstagram.framework; sourceTree = BUILT_PRODUCTS_DIR; };
		CE90C24427524B6F006AE809 /* SCInstagram.app */ = {isa = PBXFileReference; explicitFileType = wrapper.application; includeInIndex = 0; path = SCInstagram.app; sourceTree = BUILT_PRODUCTS_DIR; };
		CE90C24727524B6F006AE809 /* AppDelegate.swift */ = {isa = PBXFileReference; lastKnownFileType = sourcecode.swift; path = AppDelegate.swift; sourceTree = "<group>"; };
		CE90C24927524B6F006AE809 /* SceneDelegate.swift */ = {isa = PBXFileReference; lastKnownFileType = sourcecode.swift; path = SceneDelegate.swift; sourceTree = "<group>"; };
		CE90C24B27524B6F006AE809 /* InitialViewController.swift */ = {isa = PBXFileReference; lastKnownFileType = sourcecode.swift; path = InitialViewController.swift; sourceTree = "<group>"; };
		CE90C25027524B71006AE809 /* Assets.xcassets */ = {isa = PBXFileReference; lastKnownFileType = folder.assetcatalog; path = Assets.xcassets; sourceTree = "<group>"; };
		CE90C25327524B71006AE809 /* Base */ = {isa = PBXFileReference; lastKnownFileType = file.storyboard; name = Base; path = Base.lproj/LaunchScreen.storyboard; sourceTree = "<group>"; };
		CE90C25527524B71006AE809 /* Info.plist */ = {isa = PBXFileReference; lastKnownFileType = text.plist.xml; path = Info.plist; sourceTree = "<group>"; };
		CED0C41F2753C68B0064F5B6 /* User.swift */ = {isa = PBXFileReference; lastKnownFileType = sourcecode.swift; path = User.swift; sourceTree = "<group>"; };
		CED0C4222753CD970064F5B6 /* UIViewControllerExtension.swift */ = {isa = PBXFileReference; lastKnownFileType = sourcecode.swift; path = UIViewControllerExtension.swift; sourceTree = "<group>"; };
		CED369832753A02200A7F278 /* GoogleService-Info.plist */ = {isa = PBXFileReference; fileEncoding = 4; lastKnownFileType = text.plist.xml; path = "GoogleService-Info.plist"; sourceTree = "<group>"; };
		CEF1DE7727536A6100212154 /* SignInViewController.swift */ = {isa = PBXFileReference; lastKnownFileType = sourcecode.swift; path = SignInViewController.swift; sourceTree = "<group>"; };
		CEF1DE7827536A6100212154 /* SignInViewController.xib */ = {isa = PBXFileReference; lastKnownFileType = file.xib; path = SignInViewController.xib; sourceTree = "<group>"; };
		CEF1DE7B275370DB00212154 /* SignUpViewController.swift */ = {isa = PBXFileReference; lastKnownFileType = sourcecode.swift; path = SignUpViewController.swift; sourceTree = "<group>"; };
		CEF1DE7C275370DC00212154 /* SignUpViewController.xib */ = {isa = PBXFileReference; lastKnownFileType = file.xib; path = SignUpViewController.xib; sourceTree = "<group>"; };
		CEF1DE7F2753772400212154 /* ForgotPasswordViewController.swift */ = {isa = PBXFileReference; lastKnownFileType = sourcecode.swift; path = ForgotPasswordViewController.swift; sourceTree = "<group>"; };
		CEF1DE802753772400212154 /* ForgotPasswordViewController.xib */ = {isa = PBXFileReference; lastKnownFileType = file.xib; path = ForgotPasswordViewController.xib; sourceTree = "<group>"; };
		CEF1DE8627537BC500212154 /* TabbarController.swift */ = {isa = PBXFileReference; lastKnownFileType = sourcecode.swift; path = TabbarController.swift; sourceTree = "<group>"; };
		CEF1DE8827537BF800212154 /* FeedViewController.swift */ = {isa = PBXFileReference; lastKnownFileType = sourcecode.swift; path = FeedViewController.swift; sourceTree = "<group>"; };
		CEF1DE8927537BF800212154 /* FeedViewController.xib */ = {isa = PBXFileReference; lastKnownFileType = file.xib; path = FeedViewController.xib; sourceTree = "<group>"; };
		CEF1DE8C27537C0900212154 /* InterestingViewController.swift */ = {isa = PBXFileReference; lastKnownFileType = sourcecode.swift; path = InterestingViewController.swift; sourceTree = "<group>"; };
		CEF1DE8D27537C0900212154 /* InterestingViewController.xib */ = {isa = PBXFileReference; lastKnownFileType = file.xib; path = InterestingViewController.xib; sourceTree = "<group>"; };
		CEF1DE9027537C1300212154 /* AddViewController.swift */ = {isa = PBXFileReference; lastKnownFileType = sourcecode.swift; path = AddViewController.swift; sourceTree = "<group>"; };
		CEF1DE9127537C1300212154 /* AddViewController.xib */ = {isa = PBXFileReference; lastKnownFileType = file.xib; path = AddViewController.xib; sourceTree = "<group>"; };
		CEF1DE9427537C2100212154 /* ActivitiesViewController.swift */ = {isa = PBXFileReference; lastKnownFileType = sourcecode.swift; path = ActivitiesViewController.swift; sourceTree = "<group>"; };
		CEF1DE9527537C2100212154 /* ActivitiesViewController.xib */ = {isa = PBXFileReference; lastKnownFileType = file.xib; path = ActivitiesViewController.xib; sourceTree = "<group>"; };
		CEF1DE9827537C2B00212154 /* ProfileViewController.swift */ = {isa = PBXFileReference; lastKnownFileType = sourcecode.swift; path = ProfileViewController.swift; sourceTree = "<group>"; };
		CEF1DE9927537C2B00212154 /* ProfileViewController.xib */ = {isa = PBXFileReference; lastKnownFileType = file.xib; path = ProfileViewController.xib; sourceTree = "<group>"; };
		CEF1DE9E2753809E00212154 /* ProfileHeaderCollectionReusableView.swift */ = {isa = PBXFileReference; lastKnownFileType = sourcecode.swift; path = ProfileHeaderCollectionReusableView.swift; sourceTree = "<group>"; };
		CEF1DE9F2753809E00212154 /* ProfileHeaderCollectionReusableView.xib */ = {isa = PBXFileReference; lastKnownFileType = file.xib; path = ProfileHeaderCollectionReusableView.xib; sourceTree = "<group>"; };
/* End PBXFileReference section */

/* Begin PBXFrameworksBuildPhase section */
		CE90C24127524B6F006AE809 /* Frameworks */ = {
			isa = PBXFrameworksBuildPhase;
			buildActionMask = 2147483647;
			files = (
				A18D7B40E43ABFB7C8494DBF /* Pods_SCInstagram.framework in Frameworks */,
			);
			runOnlyForDeploymentPostprocessing = 0;
		};
/* End PBXFrameworksBuildPhase section */

/* Begin PBXGroup section */
		565CE6E6D96CC21E7361844C /* Frameworks */ = {
			isa = PBXGroup;
			children = (
				C6C24EB0F618F2A7BE578E33 /* Pods_SCInstagram.framework */,
			);
			name = Frameworks;
			sourceTree = "<group>";
		};
		92DD02A8320CB191F9FABB24 /* Pods */ = {
			isa = PBXGroup;
			children = (
				B9793742DD5905DCBE0DF4BE /* Pods-SCInstagram.debug.xcconfig */,
				1E701190FF52D647050B0C17 /* Pods-SCInstagram.release.xcconfig */,
			);
			path = Pods;
			sourceTree = "<group>";
		};
		CE90C23B27524B6F006AE809 = {
			isa = PBXGroup;
			children = (
				CE90C24627524B6F006AE809 /* SCInstagram */,
				CE90C24527524B6F006AE809 /* Products */,
				92DD02A8320CB191F9FABB24 /* Pods */,
				565CE6E6D96CC21E7361844C /* Frameworks */,
			);
			sourceTree = "<group>";
		};
		CE90C24527524B6F006AE809 /* Products */ = {
			isa = PBXGroup;
			children = (
				CE90C24427524B6F006AE809 /* SCInstagram.app */,
			);
			name = Products;
			sourceTree = "<group>";
		};
		CE90C24627524B6F006AE809 /* SCInstagram */ = {
			isa = PBXGroup;
			children = (
				CE90C24727524B6F006AE809 /* AppDelegate.swift */,
				CE90C24927524B6F006AE809 /* SceneDelegate.swift */,
				CE90C25027524B71006AE809 /* Assets.xcassets */,
				CE90C25227524B71006AE809 /* LaunchScreen.storyboard */,
				CE90C25527524B71006AE809 /* Info.plist */,
				CED369832753A02200A7F278 /* GoogleService-Info.plist */,
				CED0C41E2753C67F0064F5B6 /* Models */,
				CEF1DE9C2753806100212154 /* Views */,
				CEF1DE7627536A3600212154 /* Controllers */,
				CED0C4212753CD840064F5B6 /* Extensions */,
			);
			path = SCInstagram;
			sourceTree = "<group>";
		};
		CED0C41E2753C67F0064F5B6 /* Models */ = {
			isa = PBXGroup;
			children = (
				CED0C41F2753C68B0064F5B6 /* User.swift */,
			);
			path = Models;
			sourceTree = "<group>";
		};
		CED0C4212753CD840064F5B6 /* Extensions */ = {
			isa = PBXGroup;
			children = (
				CED0C4222753CD970064F5B6 /* UIViewControllerExtension.swift */,
			);
			path = Extensions;
			sourceTree = "<group>";
		};
		CEF1DE7627536A3600212154 /* Controllers */ = {
			isa = PBXGroup;
			children = (
				CE90C24B27524B6F006AE809 /* InitialViewController.swift */,
				CEF1DE8427537B8200212154 /* Authentication */,
				CEF1DE8527537B9200212154 /* App */,
			);
			path = Controllers;
			sourceTree = "<group>";
		};
		CEF1DE8427537B8200212154 /* Authentication */ = {
			isa = PBXGroup;
			children = (
				CEF1DE7727536A6100212154 /* SignInViewController.swift */,
				CEF1DE7827536A6100212154 /* SignInViewController.xib */,
				CEF1DE7B275370DB00212154 /* SignUpViewController.swift */,
				CEF1DE7C275370DC00212154 /* SignUpViewController.xib */,
				CEF1DE7F2753772400212154 /* ForgotPasswordViewController.swift */,
				CEF1DE802753772400212154 /* ForgotPasswordViewController.xib */,
			);
			path = Authentication;
			sourceTree = "<group>";
		};
		CEF1DE8527537B9200212154 /* App */ = {
			isa = PBXGroup;
			children = (
				CEF1DE8627537BC500212154 /* TabbarController.swift */,
				CEF1DE8827537BF800212154 /* FeedViewController.swift */,
				CEF1DE8927537BF800212154 /* FeedViewController.xib */,
				CEF1DE8C27537C0900212154 /* InterestingViewController.swift */,
				CEF1DE8D27537C0900212154 /* InterestingViewController.xib */,
				CEF1DE9027537C1300212154 /* AddViewController.swift */,
				CEF1DE9127537C1300212154 /* AddViewController.xib */,
				CEF1DE9427537C2100212154 /* ActivitiesViewController.swift */,
				CEF1DE9527537C2100212154 /* ActivitiesViewController.xib */,
				CEF1DE9827537C2B00212154 /* ProfileViewController.swift */,
				CEF1DE9927537C2B00212154 /* ProfileViewController.xib */,
			);
			path = App;
			sourceTree = "<group>";
		};
		CEF1DE9C2753806100212154 /* Views */ = {
			isa = PBXGroup;
			children = (
				CEF1DE9D2753806900212154 /* ReusableView */,
			);
			path = Views;
			sourceTree = "<group>";
		};
		CEF1DE9D2753806900212154 /* ReusableView */ = {
			isa = PBXGroup;
			children = (
				CEF1DE9E2753809E00212154 /* ProfileHeaderCollectionReusableView.swift */,
				CEF1DE9F2753809E00212154 /* ProfileHeaderCollectionReusableView.xib */,
			);
			path = ReusableView;
			sourceTree = "<group>";
		};
/* End PBXGroup section */

/* Begin PBXNativeTarget section */
		CE90C24327524B6F006AE809 /* SCInstagram */ = {
			isa = PBXNativeTarget;
			buildConfigurationList = CE90C25827524B71006AE809 /* Build configuration list for PBXNativeTarget "SCInstagram" */;
			buildPhases = (
				EA357541FA810FE224518525 /* [CP] Check Pods Manifest.lock */,
				CE90C24027524B6F006AE809 /* Sources */,
				CE90C24127524B6F006AE809 /* Frameworks */,
				CE90C24227524B6F006AE809 /* Resources */,
				936A82DDADA32406DEDCD8CE /* [CP] Embed Pods Frameworks */,
			);
			buildRules = (
			);
			dependencies = (
			);
			name = SCInstagram;
			productName = SCInstagram;
			productReference = CE90C24427524B6F006AE809 /* SCInstagram.app */;
			productType = "com.apple.product-type.application";
		};
/* End PBXNativeTarget section */

/* Begin PBXProject section */
		CE90C23C27524B6F006AE809 /* Project object */ = {
			isa = PBXProject;
			attributes = {
				BuildIndependentTargetsInParallel = 1;
				LastSwiftUpdateCheck = 1300;
				LastUpgradeCheck = 1300;
				TargetAttributes = {
					CE90C24327524B6F006AE809 = {
						CreatedOnToolsVersion = 13.0;
					};
				};
			};
			buildConfigurationList = CE90C23F27524B6F006AE809 /* Build configuration list for PBXProject "SCInstagram" */;
			compatibilityVersion = "Xcode 13.0";
			developmentRegion = en;
			hasScannedForEncodings = 0;
			knownRegions = (
				en,
				Base,
			);
			mainGroup = CE90C23B27524B6F006AE809;
			productRefGroup = CE90C24527524B6F006AE809 /* Products */;
			projectDirPath = "";
			projectRoot = "";
			targets = (
				CE90C24327524B6F006AE809 /* SCInstagram */,
			);
		};
/* End PBXProject section */

/* Begin PBXResourcesBuildPhase section */
		CE90C24227524B6F006AE809 /* Resources */ = {
			isa = PBXResourcesBuildPhase;
			buildActionMask = 2147483647;
			files = (
				CE90C25427524B71006AE809 /* LaunchScreen.storyboard in Resources */,
				CEF1DE7A27536A6100212154 /* SignInViewController.xib in Resources */,
				CEF1DE7E275370DC00212154 /* SignUpViewController.xib in Resources */,
				CE90C25127524B71006AE809 /* Assets.xcassets in Resources */,
				CEF1DE8F27537C0900212154 /* InterestingViewController.xib in Resources */,
				CED369842753A02200A7F278 /* GoogleService-Info.plist in Resources */,
				CEF1DE8B27537BF800212154 /* FeedViewController.xib in Resources */,
				CEF1DE9327537C1300212154 /* AddViewController.xib in Resources */,
				CEF1DE822753772400212154 /* ForgotPasswordViewController.xib in Resources */,
				CEF1DE9B27537C2B00212154 /* ProfileViewController.xib in Resources */,
				CEF1DEA12753809E00212154 /* ProfileHeaderCollectionReusableView.xib in Resources */,
				CEF1DE9727537C2100212154 /* ActivitiesViewController.xib in Resources */,
			);
			runOnlyForDeploymentPostprocessing = 0;
		};
/* End PBXResourcesBuildPhase section */

/* Begin PBXShellScriptBuildPhase section */
		936A82DDADA32406DEDCD8CE /* [CP] Embed Pods Frameworks */ = {
			isa = PBXShellScriptBuildPhase;
			buildActionMask = 2147483647;
			files = (
			);
			inputFileListPaths = (
				"${PODS_ROOT}/Target Support Files/Pods-SCInstagram/Pods-SCInstagram-frameworks-${CONFIGURATION}-input-files.xcfilelist",
			);
			name = "[CP] Embed Pods Frameworks";
			outputFileListPaths = (
				"${PODS_ROOT}/Target Support Files/Pods-SCInstagram/Pods-SCInstagram-frameworks-${CONFIGURATION}-output-files.xcfilelist",
			);
			runOnlyForDeploymentPostprocessing = 0;
			shellPath = /bin/sh;
			shellScript = "\"${PODS_ROOT}/Target Support Files/Pods-SCInstagram/Pods-SCInstagram-frameworks.sh\"\n";
			showEnvVarsInLog = 0;
		};
		EA357541FA810FE224518525 /* [CP] Check Pods Manifest.lock */ = {
			isa = PBXShellScriptBuildPhase;
			buildActionMask = 2147483647;
			files = (
			);
			inputFileListPaths = (
			);
			inputPaths = (
				"${PODS_PODFILE_DIR_PATH}/Podfile.lock",
				"${PODS_ROOT}/Manifest.lock",
			);
			name = "[CP] Check Pods Manifest.lock";
			outputFileListPaths = (
			);
			outputPaths = (
				"$(DERIVED_FILE_DIR)/Pods-SCInstagram-checkManifestLockResult.txt",
			);
			runOnlyForDeploymentPostprocessing = 0;
			shellPath = /bin/sh;
			shellScript = "diff \"${PODS_PODFILE_DIR_PATH}/Podfile.lock\" \"${PODS_ROOT}/Manifest.lock\" > /dev/null\nif [ $? != 0 ] ; then\n    # print error to STDERR\n    echo \"error: The sandbox is not in sync with the Podfile.lock. Run 'pod install' or update your CocoaPods installation.\" >&2\n    exit 1\nfi\n# This output is used by Xcode 'outputs' to avoid re-running this script phase.\necho \"SUCCESS\" > \"${SCRIPT_OUTPUT_FILE_0}\"\n";
			showEnvVarsInLog = 0;
		};
/* End PBXShellScriptBuildPhase section */

/* Begin PBXSourcesBuildPhase section */
		CE90C24027524B6F006AE809 /* Sources */ = {
			isa = PBXSourcesBuildPhase;
			buildActionMask = 2147483647;
			files = (
				CEF1DE9227537C1300212154 /* AddViewController.swift in Sources */,
				CEF1DE7927536A6100212154 /* SignInViewController.swift in Sources */,
				CED0C4232753CD970064F5B6 /* UIViewControllerExtension.swift in Sources */,
				CE90C24C27524B6F006AE809 /* InitialViewController.swift in Sources */,
				CEF1DE9627537C2100212154 /* ActivitiesViewController.swift in Sources */,
				CEF1DE812753772400212154 /* ForgotPasswordViewController.swift in Sources */,
				CEF1DE8E27537C0900212154 /* InterestingViewController.swift in Sources */,
				CED0C4202753C68B0064F5B6 /* User.swift in Sources */,
				CEF1DE9A27537C2B00212154 /* ProfileViewController.swift in Sources */,
				CE90C24827524B6F006AE809 /* AppDelegate.swift in Sources */,
				CE90C24A27524B6F006AE809 /* SceneDelegate.swift in Sources */,
				CEF1DEA02753809E00212154 /* ProfileHeaderCollectionReusableView.swift in Sources */,
				CEF1DE7D275370DC00212154 /* SignUpViewController.swift in Sources */,
				CEF1DE8A27537BF800212154 /* FeedViewController.swift in Sources */,
				CEF1DE8727537BC500212154 /* TabbarController.swift in Sources */,
			);
			runOnlyForDeploymentPostprocessing = 0;
		};
/* End PBXSourcesBuildPhase section */

/* Begin PBXVariantGroup section */
		CE90C25227524B71006AE809 /* LaunchScreen.storyboard */ = {
			isa = PBXVariantGroup;
			children = (
				CE90C25327524B71006AE809 /* Base */,
			);
			name = LaunchScreen.storyboard;
			sourceTree = "<group>";
		};
/* End PBXVariantGroup section */

/* Begin XCBuildConfiguration section */
		CE90C25627524B71006AE809 /* Debug */ = {
			isa = XCBuildConfiguration;
			buildSettings = {
				ALWAYS_SEARCH_USER_PATHS = NO;
				CLANG_ANALYZER_NONNULL = YES;
				CLANG_ANALYZER_NUMBER_OBJECT_CONVERSION = YES_AGGRESSIVE;
				CLANG_CXX_LANGUAGE_STANDARD = "gnu++17";
				CLANG_CXX_LIBRARY = "libc++";
				CLANG_ENABLE_MODULES = YES;
				CLANG_ENABLE_OBJC_ARC = YES;
				CLANG_ENABLE_OBJC_WEAK = YES;
				CLANG_WARN_BLOCK_CAPTURE_AUTORELEASING = YES;
				CLANG_WARN_BOOL_CONVERSION = YES;
				CLANG_WARN_COMMA = YES;
				CLANG_WARN_CONSTANT_CONVERSION = YES;
				CLANG_WARN_DEPRECATED_OBJC_IMPLEMENTATIONS = YES;
				CLANG_WARN_DIRECT_OBJC_ISA_USAGE = YES_ERROR;
				CLANG_WARN_DOCUMENTATION_COMMENTS = YES;
				CLANG_WARN_EMPTY_BODY = YES;
				CLANG_WARN_ENUM_CONVERSION = YES;
				CLANG_WARN_INFINITE_RECURSION = YES;
				CLANG_WARN_INT_CONVERSION = YES;
				CLANG_WARN_NON_LITERAL_NULL_CONVERSION = YES;
				CLANG_WARN_OBJC_IMPLICIT_RETAIN_SELF = YES;
				CLANG_WARN_OBJC_LITERAL_CONVERSION = YES;
				CLANG_WARN_OBJC_ROOT_CLASS = YES_ERROR;
				CLANG_WARN_QUOTED_INCLUDE_IN_FRAMEWORK_HEADER = YES;
				CLANG_WARN_RANGE_LOOP_ANALYSIS = YES;
				CLANG_WARN_STRICT_PROTOTYPES = YES;
				CLANG_WARN_SUSPICIOUS_MOVE = YES;
				CLANG_WARN_UNGUARDED_AVAILABILITY = YES_AGGRESSIVE;
				CLANG_WARN_UNREACHABLE_CODE = YES;
				CLANG_WARN__DUPLICATE_METHOD_MATCH = YES;
				COPY_PHASE_STRIP = NO;
				DEBUG_INFORMATION_FORMAT = dwarf;
				ENABLE_STRICT_OBJC_MSGSEND = YES;
				ENABLE_TESTABILITY = YES;
				GCC_C_LANGUAGE_STANDARD = gnu11;
				GCC_DYNAMIC_NO_PIC = NO;
				GCC_NO_COMMON_BLOCKS = YES;
				GCC_OPTIMIZATION_LEVEL = 0;
				GCC_PREPROCESSOR_DEFINITIONS = (
					"DEBUG=1",
					"$(inherited)",
				);
				GCC_WARN_64_TO_32_BIT_CONVERSION = YES;
				GCC_WARN_ABOUT_RETURN_TYPE = YES_ERROR;
				GCC_WARN_UNDECLARED_SELECTOR = YES;
				GCC_WARN_UNINITIALIZED_AUTOS = YES_AGGRESSIVE;
				GCC_WARN_UNUSED_FUNCTION = YES;
				GCC_WARN_UNUSED_VARIABLE = YES;
				IPHONEOS_DEPLOYMENT_TARGET = 15.0;
				MTL_ENABLE_DEBUG_INFO = INCLUDE_SOURCE;
				MTL_FAST_MATH = YES;
				ONLY_ACTIVE_ARCH = YES;
				SDKROOT = iphoneos;
				SWIFT_ACTIVE_COMPILATION_CONDITIONS = DEBUG;
				SWIFT_OPTIMIZATION_LEVEL = "-Onone";
			};
			name = Debug;
		};
		CE90C25727524B71006AE809 /* Release */ = {
			isa = XCBuildConfiguration;
			buildSettings = {
				ALWAYS_SEARCH_USER_PATHS = NO;
				CLANG_ANALYZER_NONNULL = YES;
				CLANG_ANALYZER_NUMBER_OBJECT_CONVERSION = YES_AGGRESSIVE;
				CLANG_CXX_LANGUAGE_STANDARD = "gnu++17";
				CLANG_CXX_LIBRARY = "libc++";
				CLANG_ENABLE_MODULES = YES;
				CLANG_ENABLE_OBJC_ARC = YES;
				CLANG_ENABLE_OBJC_WEAK = YES;
				CLANG_WARN_BLOCK_CAPTURE_AUTORELEASING = YES;
				CLANG_WARN_BOOL_CONVERSION = YES;
				CLANG_WARN_COMMA = YES;
				CLANG_WARN_CONSTANT_CONVERSION = YES;
				CLANG_WARN_DEPRECATED_OBJC_IMPLEMENTATIONS = YES;
				CLANG_WARN_DIRECT_OBJC_ISA_USAGE = YES_ERROR;
				CLANG_WARN_DOCUMENTATION_COMMENTS = YES;
				CLANG_WARN_EMPTY_BODY = YES;
				CLANG_WARN_ENUM_CONVERSION = YES;
				CLANG_WARN_INFINITE_RECURSION = YES;
				CLANG_WARN_INT_CONVERSION = YES;
				CLANG_WARN_NON_LITERAL_NULL_CONVERSION = YES;
				CLANG_WARN_OBJC_IMPLICIT_RETAIN_SELF = YES;
				CLANG_WARN_OBJC_LITERAL_CONVERSION = YES;
				CLANG_WARN_OBJC_ROOT_CLASS = YES_ERROR;
				CLANG_WARN_QUOTED_INCLUDE_IN_FRAMEWORK_HEADER = YES;
				CLANG_WARN_RANGE_LOOP_ANALYSIS = YES;
				CLANG_WARN_STRICT_PROTOTYPES = YES;
				CLANG_WARN_SUSPICIOUS_MOVE = YES;
				CLANG_WARN_UNGUARDED_AVAILABILITY = YES_AGGRESSIVE;
				CLANG_WARN_UNREACHABLE_CODE = YES;
				CLANG_WARN__DUPLICATE_METHOD_MATCH = YES;
				COPY_PHASE_STRIP = NO;
				DEBUG_INFORMATION_FORMAT = "dwarf-with-dsym";
				ENABLE_NS_ASSERTIONS = NO;
				ENABLE_STRICT_OBJC_MSGSEND = YES;
				GCC_C_LANGUAGE_STANDARD = gnu11;
				GCC_NO_COMMON_BLOCKS = YES;
				GCC_WARN_64_TO_32_BIT_CONVERSION = YES;
				GCC_WARN_ABOUT_RETURN_TYPE = YES_ERROR;
				GCC_WARN_UNDECLARED_SELECTOR = YES;
				GCC_WARN_UNINITIALIZED_AUTOS = YES_AGGRESSIVE;
				GCC_WARN_UNUSED_FUNCTION = YES;
				GCC_WARN_UNUSED_VARIABLE = YES;
				IPHONEOS_DEPLOYMENT_TARGET = 15.0;
				MTL_ENABLE_DEBUG_INFO = NO;
				MTL_FAST_MATH = YES;
				SDKROOT = iphoneos;
				SWIFT_COMPILATION_MODE = wholemodule;
				SWIFT_OPTIMIZATION_LEVEL = "-O";
				VALIDATE_PRODUCT = YES;
			};
			name = Release;
		};
		CE90C25927524B71006AE809 /* Debug */ = {
			isa = XCBuildConfiguration;
			baseConfigurationReference = B9793742DD5905DCBE0DF4BE /* Pods-SCInstagram.debug.xcconfig */;
			buildSettings = {
				ASSETCATALOG_COMPILER_APPICON_NAME = AppIcon;
				ASSETCATALOG_COMPILER_GLOBAL_ACCENT_COLOR_NAME = AccentColor;
				CODE_SIGN_STYLE = Automatic;
				CURRENT_PROJECT_VERSION = 1;
				DEVELOPMENT_TEAM = 592GN4T7BY;
				GENERATE_INFOPLIST_FILE = YES;
				INFOPLIST_FILE = SCInstagram/Info.plist;
				INFOPLIST_KEY_UIApplicationSupportsIndirectInputEvents = YES;
				INFOPLIST_KEY_UILaunchStoryboardName = LaunchScreen;
				INFOPLIST_KEY_UISupportedInterfaceOrientations_iPad = "UIInterfaceOrientationPortrait UIInterfaceOrientationPortraitUpsideDown UIInterfaceOrientationLandscapeLeft UIInterfaceOrientationLandscapeRight";
				INFOPLIST_KEY_UISupportedInterfaceOrientations_iPhone = "UIInterfaceOrientationPortrait UIInterfaceOrientationLandscapeLeft UIInterfaceOrientationLandscapeRight";
				LD_RUNPATH_SEARCH_PATHS = (
					"$(inherited)",
					"@executable_path/Frameworks",
				);
				MARKETING_VERSION = 1.0;
				PRODUCT_BUNDLE_IDENTIFIER = io.startcode.SCInstagram;
				PRODUCT_NAME = "$(TARGET_NAME)";
				SWIFT_EMIT_LOC_STRINGS = YES;
				SWIFT_VERSION = 5.0;
				TARGETED_DEVICE_FAMILY = "1,2";
			};
			name = Debug;
		};
		CE90C25A27524B71006AE809 /* Release */ = {
			isa = XCBuildConfiguration;
			baseConfigurationReference = 1E701190FF52D647050B0C17 /* Pods-SCInstagram.release.xcconfig */;
			buildSettings = {
				ASSETCATALOG_COMPILER_APPICON_NAME = AppIcon;
				ASSETCATALOG_COMPILER_GLOBAL_ACCENT_COLOR_NAME = AccentColor;
				CODE_SIGN_STYLE = Automatic;
				CURRENT_PROJECT_VERSION = 1;
				DEVELOPMENT_TEAM = 592GN4T7BY;
				GENERATE_INFOPLIST_FILE = YES;
				INFOPLIST_FILE = SCInstagram/Info.plist;
				INFOPLIST_KEY_UIApplicationSupportsIndirectInputEvents = YES;
				INFOPLIST_KEY_UILaunchStoryboardName = LaunchScreen;
				INFOPLIST_KEY_UISupportedInterfaceOrientations_iPad = "UIInterfaceOrientationPortrait UIInterfaceOrientationPortraitUpsideDown UIInterfaceOrientationLandscapeLeft UIInterfaceOrientationLandscapeRight";
				INFOPLIST_KEY_UISupportedInterfaceOrientations_iPhone = "UIInterfaceOrientationPortrait UIInterfaceOrientationLandscapeLeft UIInterfaceOrientationLandscapeRight";
				LD_RUNPATH_SEARCH_PATHS = (
					"$(inherited)",
					"@executable_path/Frameworks",
				);
				MARKETING_VERSION = 1.0;
				PRODUCT_BUNDLE_IDENTIFIER = io.startcode.SCInstagram;
				PRODUCT_NAME = "$(TARGET_NAME)";
				SWIFT_EMIT_LOC_STRINGS = YES;
				SWIFT_VERSION = 5.0;
				TARGETED_DEVICE_FAMILY = "1,2";
			};
			name = Release;
		};
/* End XCBuildConfiguration section */

/* Begin XCConfigurationList section */
		CE90C23F27524B6F006AE809 /* Build configuration list for PBXProject "SCInstagram" */ = {
			isa = XCConfigurationList;
			buildConfigurations = (
				CE90C25627524B71006AE809 /* Debug */,
				CE90C25727524B71006AE809 /* Release */,
			);
			defaultConfigurationIsVisible = 0;
			defaultConfigurationName = Release;
		};
		CE90C25827524B71006AE809 /* Build configuration list for PBXNativeTarget "SCInstagram" */ = {
			isa = XCConfigurationList;
			buildConfigurations = (
				CE90C25927524B71006AE809 /* Debug */,
				CE90C25A27524B71006AE809 /* Release */,
			);
			defaultConfigurationIsVisible = 0;
			defaultConfigurationName = Release;
		};
/* End XCConfigurationList section */
	};
	rootObject = CE90C23C27524B6F006AE809 /* Project object */;
}
